
Microsoft Visual Studio Solution File, Format Version 12.00
# Visual Studio Version 18
VisualStudioVersion = 18.0.11121.172 d18.0
MinimumVisualStudioVersion = 10.0.40219.1
Project("{9A19103F-16F7-4668-BE54-9A1E7A4F7556}") = "NextId", "NextId\NextId.csproj", "{2B56FC5F-8BDC-4324-BB47-DFC7636FE52A}"
EndProject
Project("{9A19103F-16F7-4668-BE54-9A1E7A4F7556}") = "NextId.Tests", "NextId.Tests\NextId.Tests.csproj", "{442F7CCA-7F64-4E69-B736-968889C01226}"
EndProject
Project("{9A19103F-16F7-4668-BE54-9A1E7A4F7556}") = "NextId.Performance", "NextId.Performance\NextId.Performance.csproj", "{BC205E06-ADAD-4088-A812-3D3E1CAEA52A}"
EndProject
Project("{FAE04EC0-301F-11D3-BF4B-00C04F79EFBC}") = "NextId.Serialization.Json", "NextId.Serialization.Json\NextId.Serialization.Json.csproj", "{ADE96CE7-584B-4EAD-BAAF-37F76FAD8F6D}"
EndProject
Project("{FAE04EC0-301F-11D3-BF4B-00C04F79EFBC}") = "NextId.Serialization.Json.Tests", "NextId.Serialization.Json.Tests\NextId.Serialization.Json.Tests.csproj", "{1E7886CF-0D3D-465E-8DDB-6711E85F5CE6}"
EndProject
Project("{FAE04EC0-301F-11D3-BF4B-00C04F79EFBC}") = "NextId.Gen", "NextId.Gen\NextId.Gen.csproj", "{8EAC62E9-A859-4D30-83B1-465F34D6F4CF}"
EndProject
Global
	GlobalSection(SolutionConfigurationPlatforms) = preSolution
		Debug|Any CPU = Debug|Any CPU
		Release|Any CPU = Release|Any CPU
	EndGlobalSection
	GlobalSection(ProjectConfigurationPlatforms) = postSolution
		{2B56FC5F-8BDC-4324-BB47-DFC7636FE52A}.Debug|Any CPU.ActiveCfg = Debug|Any CPU
		{2B56FC5F-8BDC-4324-BB47-DFC7636FE52A}.Debug|Any CPU.Build.0 = Debug|Any CPU
		{2B56FC5F-8BDC-4324-BB47-DFC7636FE52A}.Release|Any CPU.ActiveCfg = Release|Any CPU
		{2B56FC5F-8BDC-4324-BB47-DFC7636FE52A}.Release|Any CPU.Build.0 = Release|Any CPU
		{442F7CCA-7F64-4E69-B736-968889C01226}.Debug|Any CPU.ActiveCfg = Debug|Any CPU
		{442F7CCA-7F64-4E69-B736-968889C01226}.Debug|Any CPU.Build.0 = Debug|Any CPU
		{442F7CCA-7F64-4E69-B736-968889C01226}.Release|Any CPU.ActiveCfg = Release|Any CPU
		{442F7CCA-7F64-4E69-B736-968889C01226}.Release|Any CPU.Build.0 = Release|Any CPU
		{BC205E06-ADAD-4088-A812-3D3E1CAEA52A}.Debug|Any CPU.ActiveCfg = Debug|Any CPU
		{BC205E06-ADAD-4088-A812-3D3E1CAEA52A}.Debug|Any CPU.Build.0 = Debug|Any CPU
		{BC205E06-ADAD-4088-A812-3D3E1CAEA52A}.Release|Any CPU.ActiveCfg = Release|Any CPU
		{BC205E06-ADAD-4088-A812-3D3E1CAEA52A}.Release|Any CPU.Build.0 = Release|Any CPU
		{ADE96CE7-584B-4EAD-BAAF-37F76FAD8F6D}.Debug|Any CPU.ActiveCfg = Debug|Any CPU
		{ADE96CE7-584B-4EAD-BAAF-37F76FAD8F6D}.Debug|Any CPU.Build.0 = Debug|Any CPU
		{ADE96CE7-584B-4EAD-BAAF-37F76FAD8F6D}.Release|Any CPU.ActiveCfg = Release|Any CPU
		{ADE96CE7-584B-4EAD-BAAF-37F76FAD8F6D}.Release|Any CPU.Build.0 = Release|Any CPU
		{1E7886CF-0D3D-465E-8DDB-6711E85F5CE6}.Debug|Any CPU.ActiveCfg = Debug|Any CPU
		{1E7886CF-0D3D-465E-8DDB-6711E85F5CE6}.Debug|Any CPU.Build.0 = Debug|Any CPU
		{1E7886CF-0D3D-465E-8DDB-6711E85F5CE6}.Release|Any CPU.ActiveCfg = Release|Any CPU
		{1E7886CF-0D3D-465E-8DDB-6711E85F5CE6}.Release|Any CPU.Build.0 = Release|Any CPU
		{8EAC62E9-A859-4D30-83B1-465F34D6F4CF}.Debug|Any CPU.ActiveCfg = Debug|Any CPU
		{8EAC62E9-A859-4D30-83B1-465F34D6F4CF}.Debug|Any CPU.Build.0 = Debug|Any CPU
		{8EAC62E9-A859-4D30-83B1-465F34D6F4CF}.Release|Any CPU.ActiveCfg = Release|Any CPU
		{8EAC62E9-A859-4D30-83B1-465F34D6F4CF}.Release|Any CPU.Build.0 = Release|Any CPU
	EndGlobalSection
	GlobalSection(SolutionProperties) = preSolution
		HideSolutionNode = FALSE
	EndGlobalSection
	GlobalSection(ExtensibilityGlobals) = postSolution
		SolutionGuid = {192D827E-918F-47E0-988A-0B97CF6121AC}
	EndGlobalSection
EndGlobal
